{
  "name": "oplog.rx",
  "version": "0.0.101",
  "lockfileVersion": 1,
  "requires": true,
  "dependencies": {
    "@types/bson": {
      "version": "1.0.7",
      "resolved": "https://registry.npmjs.org/@types/bson/-/bson-1.0.7.tgz",
      "integrity": "sha1-x9xgtWHoVWrpRC4Hzk0B40ZR1Ng=",
      "dev": true,
      "requires": {
        "@types/node": "9.4.7"
      }
    },
    "@types/events": {
      "version": "1.2.0",
      "resolved": "https://registry.npmjs.org/@types/events/-/events-1.2.0.tgz",
      "integrity": "sha1-gaZzHOTfQ2GeXIyUU4Oz5iqJ6oY=",
      "dev": true
    },
    "@types/mongodb": {
      "version": "3.0.8",
      "resolved": "https://registry.npmjs.org/@types/mongodb/-/mongodb-3.0.8.tgz",
      "integrity": "sha512-0OjvzdToaQ53zfhs+QJq6EaBLKuZgccImW3nlYN2wutI0Wuwso0aOrwZa8/96a1zTjLh7R6lUOOuYTvAhIcM0w==",
      "dev": true,
      "requires": {
        "@types/bson": "1.0.7",
        "@types/events": "1.2.0",
        "@types/node": "9.4.7"
      }
    },
    "@types/node": {
      "version": "9.4.7",
      "resolved": "http://registry.npmjs.org/@types/node/-/node-9.4.7.tgz",
      "integrity": "sha512-4Ba90mWNx8ddbafuyGGwjkZMigi+AWfYLSDCpovwsE63ia8w93r3oJ8PIAQc3y8U+XHcnMOHPIzNe3o438Ywcw==",
      "dev": true
    },
    "bson": {
      "version": "2.0.4",
      "resolved": "https://registry.npmjs.org/bson/-/bson-2.0.4.tgz",
      "integrity": "sha1-W45A+A09G5airlUxHGYSwl5YblA="
    },
    "json-stdio": {
      "version": "0.0.1015",
      "resolved": "https://registry.npmjs.org/json-stdio/-/json-stdio-0.0.1015.tgz",
      "integrity": "sha512-SbB7kvuxWhd247XKfX3jxLg/wPOOjVAyeebtJFXPgzm9zNUhQ/rPerdV4Q5TR5zyn3WLGKeNbG8YfVRTNddpHQ=="
    },
    "mongodb": {
      "version": "3.0.4",
      "resolved": "https://registry.npmjs.org/mongodb/-/mongodb-3.0.4.tgz",
      "integrity": "sha512-90YIIs7A4ko4kCGafxxXj3foexCAlJBC0YLwwIKgSLoE7Vni2IqUMz6HSsZ3zbXOfR1KWtxfnc0RyAMAY/ViLg==",
      "requires": {
        "mongodb-core": "3.0.4"
      }
    },
    "mongodb-core": {
      "version": "3.0.4",
      "resolved": "https://registry.npmjs.org/mongodb-core/-/mongodb-core-3.0.4.tgz",
      "integrity": "sha512-OTH267FjfwBdEufSnrgd+u8HuLWRuQ6p8DR0XirPl2BdlLEMh4XwjJf1RTlruILp5p2m1w8dDC8rCxibC3W8qQ==",
      "requires": {
        "bson": "1.0.6",
        "require_optional": "1.0.1"
      },
      "dependencies": {
        "bson": {
          "version": "1.0.6",
          "resolved": "https://registry.npmjs.org/bson/-/bson-1.0.6.tgz",
          "integrity": "sha512-D8zmlb46xfuK2gGvKmUjIklQEouN2nQ0LEHHeZ/NoHM2LDiMk2EYzZ5Ntw/Urk+bgMDosOZxaRzXxvhI5TcAVQ=="
        }
      }
    },
    "require_optional": {
      "version": "1.0.1",
      "resolved": "https://registry.npmjs.org/require_optional/-/require_optional-1.0.1.tgz",
      "integrity": "sha512-qhM/y57enGWHAe3v/NcwML6a3/vfESLe/sGM2dII+gEO0BpKRUkWZow/tyloNqJyN6kXSl3RyyM8Ll5D/sJP8g==",
      "requires": {
        "resolve-from": "2.0.0",
        "semver": "5.5.0"
      }
    },
    "resolve-from": {
      "version": "2.0.0",
      "resolved": "https://registry.npmjs.org/resolve-from/-/resolve-from-2.0.0.tgz",
      "integrity": "sha1-lICrIOlP+h2egKgEx+oUdhGWa1c="
    },
    "rxjs": {
      "version": "5.5.7",
      "resolved": "https://registry.npmjs.org/rxjs/-/rxjs-5.5.7.tgz",
      "integrity": "sha1-r7PRZCsGmy+/IDkD1lAdGstM2ic=",
      "requires": {
        "symbol-observable": "1.0.1"
      }
    },
    "semver": {
      "version": "5.5.0",
      "resolved": "https://registry.npmjs.org/semver/-/semver-5.5.0.tgz",
      "integrity": "sha512-4SJ3dm0WAwWy/NVeioZh5AntkdJoWKxHxcmyP622fOkgHa4z3R0TdBJICINyaSDE6uNwVc8gZr+ZinwZAH4xIA=="
    },
    "symbol-observable": {
      "version": "1.0.1",
      "resolved": "https://registry.npmjs.org/symbol-observable/-/symbol-observable-1.0.1.tgz",
      "integrity": "sha1-g0D8RwLDEi310iKI+IKD9RPT/dQ="
    }
  }
}
